
Microsoft Visual Studio Solution File, Format Version 12.00
Project("{2150E333-8FDC-42A3-9474-1A3956D46DE8}") = "src", "src", "{E47AA2B6-7AFC-42E1-80C7-F7041460793A}"
	ProjectSection(SolutionItems) = preProject
		src\.gitkeep = src\.gitkeep
	EndProjectSection
EndProject
Project("{2150E333-8FDC-42A3-9474-1A3956D46DE8}") = "docs", "docs", "{3E9ED1F4-A324-44E0-9A70-32C8DB7BA5FA}"
	ProjectSection(SolutionItems) = preProject
		docs\.gitkeep = docs\.gitkeep
	EndProjectSection
EndProject
Project("{2150E333-8FDC-42A3-9474-1A3956D46DE8}") = "tests", "tests", "{B02D4DBD-97EF-4E3F-A8D6-6528DBFFFDD0}"
	ProjectSection(SolutionItems) = preProject
		tests\.gitkeep = tests\.gitkeep
	EndProjectSection
EndProject
Global
	GlobalSection(SolutionConfigurationPlatforms) = preSolution
		Debug|Any CPU = Debug|Any CPU
		Release|Any CPU = Release|Any CPU
	EndGlobalSection
	GlobalSection(NestedProjects) = preSolution
	EndGlobalSection
	GlobalSection(ProjectConfigurationPlatforms) = postSolution
	EndGlobalSection
EndGlobal
